{
  "nodes": {
    "nixpkgs": {
      "locked": {
        "lastModified": 1734649271,
        "narHash": "sha256-4EVBRhOjMDuGtMaofAIqzJbg4Ql7Ai0PSeuVZTHjyKQ=",
        "owner": "NixOS",
        "repo": "nixpkgs",
        "rev": "d70bd19e0a38ad4790d3913bf08fcbfc9eeca507",
        "type": "github"
      },
      "original": {
        "owner": "NixOS",
        "ref": "nixos-unstable",
        "repo": "nixpkgs",
        "type": "github"
      }
    },
    "nixpkgs_2": {
      "locked": {
        "lastModified": 1728538411,
        "narHash": "sha256-f0SBJz1eZ2yOuKUr5CA9BHULGXVSn6miBuUWdTyhUhU=",
        "owner": "NixOS",
        "repo": "nixpkgs",
        "rev": "b69de56fac8c2b6f8fd27f2eca01dcda8e0a4221",
        "type": "github"
      },
      "original": {
        "owner": "NixOS",
        "ref": "nixpkgs-unstable",
        "repo": "nixpkgs",
        "type": "github"
      }
    },
    "root": {
      "inputs": {
        "nixpkgs": "nixpkgs",
        "rust-overlay": "rust-overlay"
      }
    },
    "rust-overlay": {
      "inputs": {
        "nixpkgs": "nixpkgs_2"
      },
      "locked": {
        "lastModified": 1734834660,
        "narHash": "sha256-bm8V+Cu8rWJA+vKQnc94mXTpSDgvedyoDKxTVi/uJfw=",
        "rev": "b070e6030118680977bc2388868c4b3963872134",
        "revCount": 1632,
        "type": "tarball",
        "url": "https://api.flakehub.com/f/pinned/oxalica/rust-overlay/0.1.1632%2Brev-b070e6030118680977bc2388868c4b3963872134/0193ec36-51a1-7083-95e3-e5f95b25025d/source.tar.gz"
      },
      "original": {
        "type": "tarball",
        "url": "https://flakehub.com/f/oxalica/rust-overlay/%2A.tar.gz"
      }
    }
  },
  "root": "root",
  "version": 7
}
